// !$*UTF8*$!
{
	archiveVersion = 1;
	classes = {
	};
	objectVersion = 50;
	objects = {

/* Begin PBXBuildFile section */
		521E7E4420EBAD4900B936E6 /* AppDelegate.swift in Sources */ = {isa = PBXBuildFile; fileRef = 521E7E4320EBAD4900B936E6 /* AppDelegate.swift */; };
		521E7E4620EBAD4900B936E6 /* WelcomeVC.swift in Sources */ = {isa = PBXBuildFile; fileRef = 521E7E4520EBAD4900B936E6 /* WelcomeVC.swift */; };
		521E7E4920EBAD4900B936E6 /* Main.storyboard in Resources */ = {isa = PBXBuildFile; fileRef = 521E7E4720EBAD4900B936E6 /* Main.storyboard */; };
		521E7E4B20EBAD4B00B936E6 /* Assets.xcassets in Resources */ = {isa = PBXBuildFile; fileRef = 521E7E4A20EBAD4B00B936E6 /* Assets.xcassets */; };
		521E7E4E20EBAD4B00B936E6 /* LaunchScreen.storyboard in Resources */ = {isa = PBXBuildFile; fileRef = 521E7E4C20EBAD4B00B936E6 /* LaunchScreen.storyboard */; };
		521E7E5720EBB0B300B936E6 /* BorderButton.swift in Sources */ = {isa = PBXBuildFile; fileRef = 521E7E5620EBB0B300B936E6 /* BorderButton.swift */; };
		526B7E9720EC3C25008C13BA /* LeagueVC.swift in Sources */ = {isa = PBXBuildFile; fileRef = 526B7E9620EC3C25008C13BA /* LeagueVC.swift */; };
		526B7E9920EC3C40008C13BA /* SkillVC.swift in Sources */ = {isa = PBXBuildFile; fileRef = 526B7E9820EC3C40008C13BA /* SkillVC.swift */; };
		52F3929D20ECB1C3003FBAB0 /* Player.swift in Sources */ = {isa = PBXBuildFile; fileRef = 52F3929C20ECB1C3003FBAB0 /* Player.swift */; };
/* End PBXBuildFile section */

/* Begin PBXFileReference section */
		521E7E4020EBAD4900B936E6 /* app-swoosh1.app */ = {isa = PBXFileReference; explicitFileType = wrapper.application; includeInIndex = 0; path = "app-swoosh1.app"; sourceTree = BUILT_PRODUCTS_DIR; };
		521E7E4320EBAD4900B936E6 /* AppDelegate.swift */ = {isa = PBXFileReference; lastKnownFileType = sourcecode.swift; path = AppDelegate.swift; sourceTree = "<group>"; };
		521E7E4520EBAD4900B936E6 /* WelcomeVC.swift */ = {isa = PBXFileReference; lastKnownFileType = sourcecode.swift; path = WelcomeVC.swift; sourceTree = "<group>"; };
		521E7E4820EBAD4900B936E6 /* Base */ = {isa = PBXFileReference; lastKnownFileType = file.storyboard; name = Base; path = Base.lproj/Main.storyboard; sourceTree = "<group>"; };
		521E7E4A20EBAD4B00B936E6 /* Assets.xcassets */ = {isa = PBXFileReference; lastKnownFileType = folder.assetcatalog; path = Assets.xcassets; sourceTree = "<group>"; };
		521E7E4D20EBAD4B00B936E6 /* Base */ = {isa = PBXFileReference; lastKnownFileType = file.storyboard; name = Base; path = Base.lproj/LaunchScreen.storyboard; sourceTree = "<group>"; };
		521E7E4F20EBAD4B00B936E6 /* Info.plist */ = {isa = PBXFileReference; lastKnownFileType = text.plist.xml; path = Info.plist; sourceTree = "<group>"; };
		521E7E5620EBB0B300B936E6 /* BorderButton.swift */ = {isa = PBXFileReference; lastKnownFileType = sourcecode.swift; path = BorderButton.swift; sourceTree = "<group>"; };
		526B7E9620EC3C25008C13BA /* LeagueVC.swift */ = {isa = PBXFileReference; lastKnownFileType = sourcecode.swift; path = LeagueVC.swift; sourceTree = "<group>"; };
		526B7E9820EC3C40008C13BA /* SkillVC.swift */ = {isa = PBXFileReference; lastKnownFileType = sourcecode.swift; path = SkillVC.swift; sourceTree = "<group>"; };
		52F3929C20ECB1C3003FBAB0 /* Player.swift */ = {isa = PBXFileReference; lastKnownFileType = sourcecode.swift; path = Player.swift; sourceTree = "<group>"; };
/* End PBXFileReference section */

/* Begin PBXFrameworksBuildPhase section */
		521E7E3D20EBAD4900B936E6 /* Frameworks */ = {
			isa = PBXFrameworksBuildPhase;
			buildActionMask = 2147483647;
			files = (
			);
			runOnlyForDeploymentPostprocessing = 0;
		};
/* End PBXFrameworksBuildPhase section */

/* Begin PBXGroup section */
		521E7E3720EBAD4900B936E6 = {
			isa = PBXGroup;
			children = (
				521E7E4220EBAD4900B936E6 /* app-swoosh1 */,
				521E7E4120EBAD4900B936E6 /* Products */,
			);
			sourceTree = "<group>";
		};
		521E7E4120EBAD4900B936E6 /* Products */ = {
			isa = PBXGroup;
			children = (
				521E7E4020EBAD4900B936E6 /* app-swoosh1.app */,
			);
			name = Products;
			sourceTree = "<group>";
		};
		521E7E4220EBAD4900B936E6 /* app-swoosh1 */ = {
			isa = PBXGroup;
			children = (
				526B7E9520EC3A6F008C13BA /* Model */,
				526B7E9420EC3A62008C13BA /* Controller */,
				521E7E5520EBB09800B936E6 /* View */,
				521E7E4320EBAD4900B936E6 /* AppDelegate.swift */,
				521E7E4720EBAD4900B936E6 /* Main.storyboard */,
				521E7E4A20EBAD4B00B936E6 /* Assets.xcassets */,
				521E7E4C20EBAD4B00B936E6 /* LaunchScreen.storyboard */,
				521E7E4F20EBAD4B00B936E6 /* Info.plist */,
			);
			path = "app-swoosh1";
			sourceTree = "<group>";
		};
		521E7E5520EBB09800B936E6 /* View */ = {
			isa = PBXGroup;
			children = (
				521E7E5620EBB0B300B936E6 /* BorderButton.swift */,
			);
			path = View;
			sourceTree = "<group>";
		};
		526B7E9420EC3A62008C13BA /* Controller */ = {
			isa = PBXGroup;
			children = (
				521E7E4520EBAD4900B936E6 /* WelcomeVC.swift */,
				526B7E9620EC3C25008C13BA /* LeagueVC.swift */,
				526B7E9820EC3C40008C13BA /* SkillVC.swift */,
			);
			path = Controller;
			sourceTree = "<group>";
		};
		526B7E9520EC3A6F008C13BA /* Model */ = {
			isa = PBXGroup;
			children = (
				52F3929C20ECB1C3003FBAB0 /* Player.swift */,
			);
			path = Model;
			sourceTree = "<group>";
		};
/* End PBXGroup section */

/* Begin PBXNativeTarget section */
		521E7E3F20EBAD4900B936E6 /* app-swoosh1 */ = {
			isa = PBXNativeTarget;
			buildConfigurationList = 521E7E5220EBAD4B00B936E6 /* Build configuration list for PBXNativeTarget "app-swoosh1" */;
			buildPhases = (
				521E7E3C20EBAD4900B936E6 /* Sources */,
				521E7E3D20EBAD4900B936E6 /* Frameworks */,
				521E7E3E20EBAD4900B936E6 /* Resources */,
			);
			buildRules = (
			);
			dependencies = (
			);
			name = "app-swoosh1";
			productName = "app-swoosh1";
			productReference = 521E7E4020EBAD4900B936E6 /* app-swoosh1.app */;
			productType = "com.apple.product-type.application";
		};
/* End PBXNativeTarget section */

/* Begin PBXProject section */
		521E7E3820EBAD4900B936E6 /* Project object */ = {
			isa = PBXProject;
			attributes = {
				LastSwiftUpdateCheck = 0940;
				LastUpgradeCheck = 0940;
				ORGANIZATIONNAME = "Eche's Macbook ";
				TargetAttributes = {
					521E7E3F20EBAD4900B936E6 = {
						CreatedOnToolsVersion = 9.4.1;
					};
				};
			};
			buildConfigurationList = 521E7E3B20EBAD4900B936E6 /* Build configuration list for PBXProject "app-swoosh1" */;
			compatibilityVersion = "Xcode 9.3";
			developmentRegion = en;
			hasScannedForEncodings = 0;
			knownRegions = (
				en,
				Base,
			);
			mainGroup = 521E7E3720EBAD4900B936E6;
			productRefGroup = 521E7E4120EBAD4900B936E6 /* Products */;
			projectDirPath = "";
			projectRoot = "";
			targets = (
				521E7E3F20EBAD4900B936E6 /* app-swoosh1 */,
			);
		};
/* End PBXProject section */

/* Begin PBXResourcesBuildPhase section */
		521E7E3E20EBAD4900B936E6 /* Resources */ = {
			isa = PBXResourcesBuildPhase;
			buildActionMask = 2147483647;
			files = (
				521E7E4E20EBAD4B00B936E6 /* LaunchScreen.storyboard in Resources */,
				521E7E4B20EBAD4B00B936E6 /* Assets.xcassets in Resources */,
				521E7E4920EBAD4900B936E6 /* Main.storyboard in Resources */,
			);
			runOnlyForDeploymentPostprocessing = 0;
		};
/* End PBXResourcesBuildPhase section */

/* Begin PBXSourcesBuildPhase section */
		521E7E3C20EBAD4900B936E6 /* Sources */ = {
			isa = PBXSourcesBuildPhase;
			buildActionMask = 2147483647;
			files = (
				521E7E4620EBAD4900B936E6 /* WelcomeVC.swift in Sources */,
				526B7E9720EC3C25008C13BA /* LeagueVC.swift in Sources */,
				521E7E4420EBAD4900B936E6 /* AppDelegate.swift in Sources */,
				526B7E9920EC3C40008C13BA /* SkillVC.swift in Sources */,
				52F3929D20ECB1C3003FBAB0 /* Player.swift in Sources */,
				521E7E5720EBB0B300B936E6 /* BorderButton.swift in Sources */,
			);
			runOnlyForDeploymentPostprocessing = 0;
		};
/* End PBXSourcesBuildPhase section */

/* Begin PBXVariantGroup section */
		521E7E4720EBAD4900B936E6 /* Main.storyboard */ = {
			isa = PBXVariantGroup;
			children = (
				521E7E4820EBAD4900B936E6 /* Base */,
			);
			name = Main.storyboard;
			sourceTree = "<group>";
		};
		521E7E4C20EBAD4B00B936E6 /* LaunchScreen.storyboard */ = {
			isa = PBXVariantGroup;
			children = (
				521E7E4D20EBAD4B00B936E6 /* Base */,
			);
			name = LaunchScreen.storyboard;
			sourceTree = "<group>";
		};
/* End PBXVariantGroup section */

/* Begin XCBuildConfiguration section */
		521E7E5020EBAD4B00B936E6 /* Debug */ = {
			isa = XCBuildConfiguration;
			buildSettings = {
				ALWAYS_SEARCH_USER_PATHS = NO;
				CLANG_ANALYZER_NONNULL = YES;
				CLANG_ANALYZER_NUMBER_OBJECT_CONVERSION = YES_AGGRESSIVE;
				CLANG_CXX_LANGUAGE_STANDARD = "gnu++14";
				CLANG_CXX_LIBRARY = "libc++";
				CLANG_ENABLE_MODULES = YES;
				CLANG_ENABLE_OBJC_ARC = YES;
				CLANG_ENABLE_OBJC_WEAK = YES;
				CLANG_WARN_BLOCK_CAPTURE_AUTORELEASING = YES;
				CLANG_WARN_BOOL_CONVERSION = YES;
				CLANG_WARN_COMMA = YES;
				CLANG_WARN_CONSTANT_CONVERSION = YES;
				CLANG_WARN_DEPRECATED_OBJC_IMPLEMENTATIONS = YES;
				CLANG_WARN_DIRECT_OBJC_ISA_USAGE = YES_ERROR;
				CLANG_WARN_DOCUMENTATION_COMMENTS = YES;
				CLANG_WARN_EMPTY_BODY = YES;
				CLANG_WARN_ENUM_CONVERSION = YES;
				CLANG_WARN_INFINITE_RECURSION = YES;
				CLANG_WARN_INT_CONVERSION = YES;
				CLANG_WARN_NON_LITERAL_NULL_CONVERSION = YES;
				CLANG_WARN_OBJC_IMPLICIT_RETAIN_SELF = YES;
				CLANG_WARN_OBJC_LITERAL_CONVERSION = YES;
				CLANG_WARN_OBJC_ROOT_CLASS = YES_ERROR;
				CLANG_WARN_RANGE_LOOP_ANALYSIS = YES;
				CLANG_WARN_STRICT_PROTOTYPES = YES;
				CLANG_WARN_SUSPICIOUS_MOVE = YES;
				CLANG_WARN_UNGUARDED_AVAILABILITY = YES_AGGRESSIVE;
				CLANG_WARN_UNREACHABLE_CODE = YES;
				CLANG_WARN__DUPLICATE_METHOD_MATCH = YES;
				CODE_SIGN_IDENTITY = "iPhone Developer";
				COPY_PHASE_STRIP = NO;
				DEBUG_INFORMATION_FORMAT = dwarf;
				ENABLE_STRICT_OBJC_MSGSEND = YES;
				ENABLE_TESTABILITY = YES;
				GCC_C_LANGUAGE_STANDARD = gnu11;
				GCC_DYNAMIC_NO_PIC = NO;
				GCC_NO_COMMON_BLOCKS = YES;
				GCC_OPTIMIZATION_LEVEL = 0;
				GCC_PREPROCESSOR_DEFINITIONS = (
					"DEBUG=1",
					"$(inherited)",
				);
				GCC_WARN_64_TO_32_BIT_CONVERSION = YES;
				GCC_WARN_ABOUT_RETURN_TYPE = YES_ERROR;
				GCC_WARN_UNDECLARED_SELECTOR = YES;
				GCC_WARN_UNINITIALIZED_AUTOS = YES_AGGRESSIVE;
				GCC_WARN_UNUSED_FUNCTION = YES;
				GCC_WARN_UNUSED_VARIABLE = YES;
				IPHONEOS_DEPLOYMENT_TARGET = 11.4;
				MTL_ENABLE_DEBUG_INFO = YES;
				ONLY_ACTIVE_ARCH = YES;
				SDKROOT = iphoneos;
				SWIFT_ACTIVE_COMPILATION_CONDITIONS = DEBUG;
				SWIFT_OPTIMIZATION_LEVEL = "-Onone";
			};
			name = Debug;
		};
		521E7E5120EBAD4B00B936E6 /* Release */ = {
			isa = XCBuildConfiguration;
			buildSettings = {
				ALWAYS_SEARCH_USER_PATHS = NO;
				CLANG_ANALYZER_NONNULL = YES;
				CLANG_ANALYZER_NUMBER_OBJECT_CONVERSION = YES_AGGRESSIVE;
				CLANG_CXX_LANGUAGE_STANDARD = "gnu++14";
				CLANG_CXX_LIBRARY = "libc++";
				CLANG_ENABLE_MODULES = YES;
				CLANG_ENABLE_OBJC_ARC = YES;
				CLANG_ENABLE_OBJC_WEAK = YES;
				CLANG_WARN_BLOCK_CAPTURE_AUTORELEASING = YES;
				CLANG_WARN_BOOL_CONVERSION = YES;
				CLANG_WARN_COMMA = YES;
				CLANG_WARN_CONSTANT_CONVERSION = YES;
				CLANG_WARN_DEPRECATED_OBJC_IMPLEMENTATIONS = YES;
				CLANG_WARN_DIRECT_OBJC_ISA_USAGE = YES_ERROR;
				CLANG_WARN_DOCUMENTATION_COMMENTS = YES;
				CLANG_WARN_EMPTY_BODY = YES;
				CLANG_WARN_ENUM_CONVERSION = YES;
				CLANG_WARN_INFINITE_RECURSION = YES;
				CLANG_WARN_INT_CONVERSION = YES;
				CLANG_WARN_NON_LITERAL_NULL_CONVERSION = YES;
				CLANG_WARN_OBJC_IMPLICIT_RETAIN_SELF = YES;
				CLANG_WARN_OBJC_LITERAL_CONVERSION = YES;
				CLANG_WARN_OBJC_ROOT_CLASS = YES_ERROR;
				CLANG_WARN_RANGE_LOOP_ANALYSIS = YES;
				CLANG_WARN_STRICT_PROTOTYPES = YES;
				CLANG_WARN_SUSPICIOUS_MOVE = YES;
				CLANG_WARN_UNGUARDED_AVAILABILITY = YES_AGGRESSIVE;
				CLANG_WARN_UNREACHABLE_CODE = YES;
				CLANG_WARN__DUPLICATE_METHOD_MATCH = YES;
				CODE_SIGN_IDENTITY = "iPhone Developer";
				COPY_PHASE_STRIP = NO;
				DEBUG_INFORMATION_FORMAT = "dwarf-with-dsym";
				ENABLE_NS_ASSERTIONS = NO;
				ENABLE_STRICT_OBJC_MSGSEND = YES;
				GCC_C_LANGUAGE_STANDARD = gnu11;
				GCC_NO_COMMON_BLOCKS = YES;
				GCC_WARN_64_TO_32_BIT_CONVERSION = YES;
				GCC_WARN_ABOUT_RETURN_TYPE = YES_ERROR;
				GCC_WARN_UNDECLARED_SELECTOR = YES;
				GCC_WARN_UNINITIALIZED_AUTOS = YES_AGGRESSIVE;
				GCC_WARN_UNUSED_FUNCTION = YES;
				GCC_WARN_UNUSED_VARIABLE = YES;
				IPHONEOS_DEPLOYMENT_TARGET = 11.4;
				MTL_ENABLE_DEBUG_INFO = NO;
				SDKROOT = iphoneos;
				SWIFT_COMPILATION_MODE = wholemodule;
				SWIFT_OPTIMIZATION_LEVEL = "-O";
				VALIDATE_PRODUCT = YES;
			};
			name = Release;
		};
		521E7E5320EBAD4B00B936E6 /* Debug */ = {
			isa = XCBuildConfiguration;
			buildSettings = {
				ASSETCATALOG_COMPILER_APPICON_NAME = AppIcon;
				CODE_SIGN_STYLE = Automatic;
				DEVELOPMENT_TEAM = RDF47D6D3X;
				INFOPLIST_FILE = "app-swoosh1/Info.plist";
				LD_RUNPATH_SEARCH_PATHS = (
					"$(inherited)",
					"@executable_path/Frameworks",
				);
				PRODUCT_BUNDLE_IDENTIFIER = "Eche-s-Macbook.app-swoosh1";
				PRODUCT_NAME = "$(TARGET_NAME)";
				SWIFT_VERSION = 4.0;
				TARGETED_DEVICE_FAMILY = "1,2";
			};
			name = Debug;
		};
		521E7E5420EBAD4B00B936E6 /* Release */ = {
			isa = XCBuildConfiguration;
			buildSettings = {
				ASSETCATALOG_COMPILER_APPICON_NAME = AppIcon;
				CODE_SIGN_STYLE = Automatic;
				DEVELOPMENT_TEAM = RDF47D6D3X;
				INFOPLIST_FILE = "app-swoosh1/Info.plist";
				LD_RUNPATH_SEARCH_PATHS = (
					"$(inherited)",
					"@executable_path/Frameworks",
				);
				PRODUCT_BUNDLE_IDENTIFIER = "Eche-s-Macbook.app-swoosh1";
				PRODUCT_NAME = "$(TARGET_NAME)";
				SWIFT_VERSION = 4.0;
				TARGETED_DEVICE_FAMILY = "1,2";
			};
			name = Release;
		};
/* End XCBuildConfiguration section */

/* Begin XCConfigurationList section */
		521E7E3B20EBAD4900B936E6 /* Build configuration list for PBXProject "app-swoosh1" */ = {
			isa = XCConfigurationList;
			buildConfigurations = (
				521E7E5020EBAD4B00B936E6 /* Debug */,
				521E7E5120EBAD4B00B936E6 /* Release */,
			);
			defaultConfigurationIsVisible = 0;
			defaultConfigurationName = Release;
		};
		521E7E5220EBAD4B00B936E6 /* Build configuration list for PBXNativeTarget "app-swoosh1" */ = {
			isa = XCConfigurationList;
			buildConfigurations = (
				521E7E5320EBAD4B00B936E6 /* Debug */,
				521E7E5420EBAD4B00B936E6 /* Release */,
			);
			defaultConfigurationIsVisible = 0;
			defaultConfigurationName = Release;
		};
/* End XCConfigurationList section */
	};
	rootObject = 521E7E3820EBAD4900B936E6 /* Project object */;
}
